
Microsoft Visual Studio Solution File, Format Version 11.00
# Visual Studio 2010
Project("{FAE04EC0-301F-11D3-BF4B-00C04F79EFBC}") = "Assembly-CSharp-firstpass", "Assembly-CSharp-firstpass.csproj", "{C3BFFAEE-807E-76F9-27AB-07BA3E4223E7}"
EndProject
Project("{FAE04EC0-301F-11D3-BF4B-00C04F79EFBC}") = "Assembly-CSharp", "Assembly-CSharp.csproj", "{B0019FF8-0885-C375-0AC0-45396FB94765}"
EndProject
Global
	GlobalSection(SolutionConfigurationPlatforms) = preSolution
		Debug|Any CPU = Debug|Any CPU
		Release|Any CPU = Release|Any CPU
	EndGlobalSection
	GlobalSection(ProjectConfigurationPlatforms) = postSolution
		{C3BFFAEE-807E-76F9-27AB-07BA3E4223E7}.Debug|Any CPU.ActiveCfg = Debug|Any CPU
		{C3BFFAEE-807E-76F9-27AB-07BA3E4223E7}.Debug|Any CPU.Build.0 = Debug|Any CPU
		{C3BFFAEE-807E-76F9-27AB-07BA3E4223E7}.Release|Any CPU.ActiveCfg = Release|Any CPU
		{C3BFFAEE-807E-76F9-27AB-07BA3E4223E7}.Release|Any CPU.Build.0 = Release|Any CPU
		{B0019FF8-0885-C375-0AC0-45396FB94765}.Debug|Any CPU.ActiveCfg = Debug|Any CPU
		{B0019FF8-0885-C375-0AC0-45396FB94765}.Debug|Any CPU.Build.0 = Debug|Any CPU
		{B0019FF8-0885-C375-0AC0-45396FB94765}.Release|Any CPU.ActiveCfg = Release|Any CPU
		{B0019FF8-0885-C375-0AC0-45396FB94765}.Release|Any CPU.Build.0 = Release|Any CPU
	EndGlobalSection
	GlobalSection(SolutionProperties) = preSolution
		HideSolutionNode = FALSE
	EndGlobalSection
	GlobalSection(MonoDevelopProperties) = preSolution
		StartupItem = Assembly-CSharp.csproj
	EndGlobalSection
EndGlobal
